{
    "name": "pfizer-format",
    "version": "1.0.0",
    "lockfileVersion": 2,
    "requires": true,
    "packages": {
        "": {
            "version": "1.0.0",
            "license": "ISC",
            "dependencies": {
                "csv": "^6.2.2",
                "parser": "^0.1.4"
            },
            "bin": {
                "pfizer-format": "cli.js"
            }
        },
        "node_modules/csv": {
            "version": "6.2.2",
            "resolved": "https://registry.npmjs.org/csv/-/csv-6.2.2.tgz",
            "integrity": "sha512-flTUz/J1VZ6n5+PJmxO7EImbt+tmk2aVgYxeo5UkC/f/beo9OQ7uFMVm53xOsS+/8+5gFN+MQwCdYtYzRXhrRg==",
            "dependencies": {
                "csv-generate": "^4.2.1",
                "csv-parse": "^5.3.2",
                "csv-stringify": "^6.2.1",
                "stream-transform": "^3.2.1"
            },
            "engines": {
                "node": ">= 0.1.90"
            }
        },
        "node_modules/csv-generate": {
            "version": "4.2.1",
            "resolved": "https://registry.npmjs.org/csv-generate/-/csv-generate-4.2.1.tgz",
            "integrity": "sha512-w6GFHjvApv6bcJ2xdi9JGsH6ZvUBfC+vUdfefnEzurXG6hMRwzkBLnhztU2H7v7+zfCk1I/knnQ+tGbgpxWrBw=="
        },
        "node_modules/csv-parse": {
            "version": "5.3.2",
            "resolved": "https://registry.npmjs.org/csv-parse/-/csv-parse-5.3.2.tgz",
            "integrity": "sha512-3jQ/JMs+voKxr4vwpmElS1d37J0o6rQdQyEKoPyA9HG8fYczpLaBJnmp5ykvkXL8ZeEGVP0qwLU645BZVykXKw=="
        },
        "node_modules/csv-stringify": {
            "version": "6.2.1",
            "resolved": "https://registry.npmjs.org/csv-stringify/-/csv-stringify-6.2.1.tgz",
            "integrity": "sha512-+DT/YEgqRy82aMPMA7yUUpFJPx9X8iZy7UhfyTE2bHmFJcjDiz1j29wzTFkYTtuNVceNgz8efsjICch+O1WcLQ=="
        },
        "node_modules/disect": {
            "version": "1.1.1",
            "resolved": "https://registry.npmjs.org/disect/-/disect-1.1.1.tgz",
            "integrity": "sha512-rr2Ym8FSAoqAJ1KfpUiQ/Io01HP0LZPHBuppbFsHozmSNf+YwrvyD5pm5tMTUApJFNwD7HeWJ5DGldSugScukA=="
        },
        "node_modules/parser": {
            "version": "0.1.4",
            "resolved": "https://registry.npmjs.org/parser/-/parser-0.1.4.tgz",
            "integrity": "sha512-f6EM/mBtPzmIh96MpcbePfhkBOYRmLYWuOukJqMysMlvjp4s2MQSSQnFEekd9GV4JGTnDJ2uFt3Ztcqc9wCMJg==",
            "dependencies": {
                "tokenizer": "*"
            },
            "engines": {
                "node": "0.4-0.9"
            }
        },
        "node_modules/stream-transform": {
            "version": "3.2.1",
            "resolved": "https://registry.npmjs.org/stream-transform/-/stream-transform-3.2.1.tgz",
            "integrity": "sha512-ApK+WTJ5bCOf0A2tlec1qhvr8bGEBM/sgXXB7mysdCYgZJO5DZeaV3h3G+g0HnAQ372P5IhiGqnW29zoLOfTzQ=="
        },
        "node_modules/tokenizer": {
            "version": "1.1.2",
            "resolved": "https://registry.npmjs.org/tokenizer/-/tokenizer-1.1.2.tgz",
            "integrity": "sha512-c/EYsBwEW/EX28q44UaSrJ9o5M2aI+N/xdJJ4Zl7dNq76OmWQHhmXH0T8DJQNjVYPc7NclV2CZQfyeUMfnEu/A==",
            "dependencies": {
                "disect": "~1.1.0"
            },
            "engines": {
                "node": "0.10.x"
            }
        }
    },
    "dependencies": {
        "csv": {
            "version": "6.2.2",
            "resolved": "https://registry.npmjs.org/csv/-/csv-6.2.2.tgz",
            "integrity": "sha512-flTUz/J1VZ6n5+PJmxO7EImbt+tmk2aVgYxeo5UkC/f/beo9OQ7uFMVm53xOsS+/8+5gFN+MQwCdYtYzRXhrRg==",
            "requires": {
                "csv-generate": "^4.2.1",
                "csv-parse": "^5.3.2",
                "csv-stringify": "^6.2.1",
                "stream-transform": "^3.2.1"
            }
        },
        "csv-generate": {
            "version": "4.2.1",
            "resolved": "https://registry.npmjs.org/csv-generate/-/csv-generate-4.2.1.tgz",
            "integrity": "sha512-w6GFHjvApv6bcJ2xdi9JGsH6ZvUBfC+vUdfefnEzurXG6hMRwzkBLnhztU2H7v7+zfCk1I/knnQ+tGbgpxWrBw=="
        },
        "csv-parse": {
            "version": "5.3.2",
            "resolved": "https://registry.npmjs.org/csv-parse/-/csv-parse-5.3.2.tgz",
            "integrity": "sha512-3jQ/JMs+voKxr4vwpmElS1d37J0o6rQdQyEKoPyA9HG8fYczpLaBJnmp5ykvkXL8ZeEGVP0qwLU645BZVykXKw=="
        },
        "csv-stringify": {
            "version": "6.2.1",
            "resolved": "https://registry.npmjs.org/csv-stringify/-/csv-stringify-6.2.1.tgz",
            "integrity": "sha512-+DT/YEgqRy82aMPMA7yUUpFJPx9X8iZy7UhfyTE2bHmFJcjDiz1j29wzTFkYTtuNVceNgz8efsjICch+O1WcLQ=="
        },
        "disect": {
            "version": "1.1.1",
            "resolved": "https://registry.npmjs.org/disect/-/disect-1.1.1.tgz",
            "integrity": "sha512-rr2Ym8FSAoqAJ1KfpUiQ/Io01HP0LZPHBuppbFsHozmSNf+YwrvyD5pm5tMTUApJFNwD7HeWJ5DGldSugScukA=="
        },
        "parser": {
            "version": "0.1.4",
            "resolved": "https://registry.npmjs.org/parser/-/parser-0.1.4.tgz",
            "integrity": "sha512-f6EM/mBtPzmIh96MpcbePfhkBOYRmLYWuOukJqMysMlvjp4s2MQSSQnFEekd9GV4JGTnDJ2uFt3Ztcqc9wCMJg==",
            "requires": {
                "tokenizer": "*"
            }
        },
        "stream-transform": {
            "version": "3.2.1",
            "resolved": "https://registry.npmjs.org/stream-transform/-/stream-transform-3.2.1.tgz",
            "integrity": "sha512-ApK+WTJ5bCOf0A2tlec1qhvr8bGEBM/sgXXB7mysdCYgZJO5DZeaV3h3G+g0HnAQ372P5IhiGqnW29zoLOfTzQ=="
        },
        "tokenizer": {
            "version": "1.1.2",
            "resolved": "https://registry.npmjs.org/tokenizer/-/tokenizer-1.1.2.tgz",
            "integrity": "sha512-c/EYsBwEW/EX28q44UaSrJ9o5M2aI+N/xdJJ4Zl7dNq76OmWQHhmXH0T8DJQNjVYPc7NclV2CZQfyeUMfnEu/A==",
            "requires": {
                "disect": "~1.1.0"
            }
        }
    }
}
